// !$*UTF8*$!
{
	archiveVersion = 1;
	classes = {
	};
	objectVersion = 46;
	objects = {

/* Begin PBXBuildFile section */
		2506072121F00A7ED9675282 /* Pods_VIPER_Demo.framework in Frameworks */ = {isa = PBXBuildFile; fileRef = 0C3305099892D1F101CBC52F /* Pods_VIPER_Demo.framework */; };
		389FBDA19DFD7A4A6946A517 /* Pods_VIPER_DemoTests.framework in Frameworks */ = {isa = PBXBuildFile; fileRef = 5F60D7A9FFE18D28BC7A578D /* Pods_VIPER_DemoTests.framework */; };
		581551E01D889995009349E2 /* AppDelegate.swift in Sources */ = {isa = PBXBuildFile; fileRef = 581551DF1D889995009349E2 /* AppDelegate.swift */; };
		581551E51D889995009349E2 /* PeopleList.storyboard in Resources */ = {isa = PBXBuildFile; fileRef = 581551E31D889995009349E2 /* PeopleList.storyboard */; };
		581551E71D889995009349E2 /* Assets.xcassets in Resources */ = {isa = PBXBuildFile; fileRef = 581551E61D889995009349E2 /* Assets.xcassets */; };
		581551EA1D889995009349E2 /* LaunchScreen.storyboard in Resources */ = {isa = PBXBuildFile; fileRef = 581551E81D889995009349E2 /* LaunchScreen.storyboard */; };
		581552101D889FB3009349E2 /* PeopleService.swift in Sources */ = {isa = PBXBuildFile; fileRef = 5815520F1D889FB3009349E2 /* PeopleService.swift */; };
		5815521B1D88A1E4009349E2 /* Person.swift in Sources */ = {isa = PBXBuildFile; fileRef = 5815521A1D88A1E4009349E2 /* Person.swift */; };
		5815521E1D88A514009349E2 /* Main.storyboard in Resources */ = {isa = PBXBuildFile; fileRef = 5815521D1D88A514009349E2 /* Main.storyboard */; };
		581552421D88C0AB009349E2 /* AppDependencies.swift in Sources */ = {isa = PBXBuildFile; fileRef = 581552411D88C0AB009349E2 /* AppDependencies.swift */; };
		581552441D88C137009349E2 /* PeopleListWireFrame.swift in Sources */ = {isa = PBXBuildFile; fileRef = 581552431D88C137009349E2 /* PeopleListWireFrame.swift */; };
		581552481D88C332009349E2 /* MainWireFrame.swift in Sources */ = {isa = PBXBuildFile; fileRef = 581552471D88C332009349E2 /* MainWireFrame.swift */; };
		5829A8551D8C6F79000DC559 /* PersonDetailsInteractorTests.swift in Sources */ = {isa = PBXBuildFile; fileRef = 5829A8541D8C6F79000DC559 /* PersonDetailsInteractorTests.swift */; };
		5829A8571D8C871A000DC559 /* PersonDetailsViewControllerTests.swift in Sources */ = {isa = PBXBuildFile; fileRef = 5829A8561D8C871A000DC559 /* PersonDetailsViewControllerTests.swift */; };
		583D96391D89F0D40017FB0B /* PeopleListView.swift in Sources */ = {isa = PBXBuildFile; fileRef = 583D96371D89F0D40017FB0B /* PeopleListView.swift */; };
		583D963A1D89F0D40017FB0B /* PeopleListViewController.swift in Sources */ = {isa = PBXBuildFile; fileRef = 583D96381D89F0D40017FB0B /* PeopleListViewController.swift */; };
		583D963F1D89FC080017FB0B /* PersonDetailsWireFrame.swift in Sources */ = {isa = PBXBuildFile; fileRef = 583D963E1D89FC080017FB0B /* PersonDetailsWireFrame.swift */; };
		583D96461D89FE200017FB0B /* PersonDetailsPresenter.swift in Sources */ = {isa = PBXBuildFile; fileRef = 583D96451D89FE200017FB0B /* PersonDetailsPresenter.swift */; };
		583D96481D8A01160017FB0B /* PersonDetails.storyboard in Resources */ = {isa = PBXBuildFile; fileRef = 583D96471D8A01160017FB0B /* PersonDetails.storyboard */; };
		583D964A1D8A01260017FB0B /* PersonDetailsViewController.swift in Sources */ = {isa = PBXBuildFile; fileRef = 583D96491D8A01260017FB0B /* PersonDetailsViewController.swift */; };
		584F22B21D89D30000722C1D /* PeopleListModuleInterface.swift in Sources */ = {isa = PBXBuildFile; fileRef = 584F22B11D89D30000722C1D /* PeopleListModuleInterface.swift */; };
		584F22B41D89D65600722C1D /* PeopleTransformer.swift in Sources */ = {isa = PBXBuildFile; fileRef = 584F22B31D89D65600722C1D /* PeopleTransformer.swift */; };
		584F22B71D89EFAD00722C1D /* PeopleListPresenter.swift in Sources */ = {isa = PBXBuildFile; fileRef = 584F22B61D89EFAD00722C1D /* PeopleListPresenter.swift */; };
		584F22BB1D89F03200722C1D /* PeopleListInteractor.swift in Sources */ = {isa = PBXBuildFile; fileRef = 584F22B91D89F03200722C1D /* PeopleListInteractor.swift */; };
		584F22BC1D89F03200722C1D /* PeopleListInteractorIO.swift in Sources */ = {isa = PBXBuildFile; fileRef = 584F22BA1D89F03200722C1D /* PeopleListInteractorIO.swift */; };
		586C13D31D932D0B006F8F67 /* PersonDetailsData.swift in Sources */ = {isa = PBXBuildFile; fileRef = 586C13D21D932D0B006F8F67 /* PersonDetailsData.swift */; };
		586C13D51D932F2B006F8F67 /* PersonDataTests.swift in Sources */ = {isa = PBXBuildFile; fileRef = 586C13D41D932F2B006F8F67 /* PersonDataTests.swift */; };
		586C13D71D9332C5006F8F67 /* PersonForListData.swift in Sources */ = {isa = PBXBuildFile; fileRef = 586C13D61D9332C5006F8F67 /* PersonForListData.swift */; };
		586C13D91D9336D1006F8F67 /* PeopleListWireFrameTests.swift in Sources */ = {isa = PBXBuildFile; fileRef = 586C13D81D9336D1006F8F67 /* PeopleListWireFrameTests.swift */; };
		586C13DC1D933774006F8F67 /* MainWireFrameMock.swift in Sources */ = {isa = PBXBuildFile; fileRef = 586C13DB1D933774006F8F67 /* MainWireFrameMock.swift */; };
		586C13DE1D933843006F8F67 /* PeopleListPresenterMock.swift in Sources */ = {isa = PBXBuildFile; fileRef = 586C13DD1D933843006F8F67 /* PeopleListPresenterMock.swift */; };
		586C13E01D9338C8006F8F67 /* PeopleListInteractorMock.swift in Sources */ = {isa = PBXBuildFile; fileRef = 586C13DF1D9338C8006F8F67 /* PeopleListInteractorMock.swift */; };
		586C13E41D933DB8006F8F67 /* PeopleListPresenterTests.swift in Sources */ = {isa = PBXBuildFile; fileRef = 586C13E31D933DB8006F8F67 /* PeopleListPresenterTests.swift */; };
		586C13E61D934050006F8F67 /* PeopleListViewMock.swift in Sources */ = {isa = PBXBuildFile; fileRef = 586C13E51D934050006F8F67 /* PeopleListViewMock.swift */; };
		586C13E81D934197006F8F67 /* PeopleListDataModelTests.swift in Sources */ = {isa = PBXBuildFile; fileRef = 586C13E71D934197006F8F67 /* PeopleListDataModelTests.swift */; };
		586C13EC1D934E29006F8F67 /* PersonDetailsWireFrameMock.swift in Sources */ = {isa = PBXBuildFile; fileRef = 586C13EB1D934E29006F8F67 /* PersonDetailsWireFrameMock.swift */; };
		586C13EE1D934E6C006F8F67 /* PeopleListWireFrameMock.swift in Sources */ = {isa = PBXBuildFile; fileRef = 586C13ED1D934E6C006F8F67 /* PeopleListWireFrameMock.swift */; };
		586C13F01D934FBB006F8F67 /* PeopleListInteractorTests.swift in Sources */ = {isa = PBXBuildFile; fileRef = 586C13EF1D934FBB006F8F67 /* PeopleListInteractorTests.swift */; };
		586C13F21D9353B5006F8F67 /* PersonForListDataTests.swift in Sources */ = {isa = PBXBuildFile; fileRef = 586C13F11D9353B5006F8F67 /* PersonForListDataTests.swift */; };
		586C13F41D9355BC006F8F67 /* PeopleListViewControllerTests.swift in Sources */ = {isa = PBXBuildFile; fileRef = 586C13F31D9355BC006F8F67 /* PeopleListViewControllerTests.swift */; };
		58F6350B1D8B16DF0043FCA4 /* PersonDetailsView.swift in Sources */ = {isa = PBXBuildFile; fileRef = 58F6350A1D8B16DF0043FCA4 /* PersonDetailsView.swift */; };
		58F6350D1D8B18AB0043FCA4 /* PersonDetailsModuleInterface.swift in Sources */ = {isa = PBXBuildFile; fileRef = 58F6350C1D8B18AB0043FCA4 /* PersonDetailsModuleInterface.swift */; };
		58F6350F1D8B199E0043FCA4 /* PersonDetailsInteractor.swift in Sources */ = {isa = PBXBuildFile; fileRef = 58F6350E1D8B199E0043FCA4 /* PersonDetailsInteractor.swift */; };
		58F635111D8B19BA0043FCA4 /* PersonDetailsInteractorIO.swift in Sources */ = {isa = PBXBuildFile; fileRef = 58F635101D8B19B90043FCA4 /* PersonDetailsInteractorIO.swift */; };
		58F635131D8B24440043FCA4 /* PersonDetailsDataModel.swift in Sources */ = {isa = PBXBuildFile; fileRef = 58F635121D8B24440043FCA4 /* PersonDetailsDataModel.swift */; };
		58F635151D8B26220043FCA4 /* PeopleListDataModel.swift in Sources */ = {isa = PBXBuildFile; fileRef = 58F635141D8B26220043FCA4 /* PeopleListDataModel.swift */; };
		58F635231D8B38EA0043FCA4 /* PeopleServiceTests.swift in Sources */ = {isa = PBXBuildFile; fileRef = 58F635221D8B38EA0043FCA4 /* PeopleServiceTests.swift */; };
		58F635251D8B3BBF0043FCA4 /* PeopleTransformerTests.swift in Sources */ = {isa = PBXBuildFile; fileRef = 58F635241D8B3BBF0043FCA4 /* PeopleTransformerTests.swift */; };
		58F635271D8B490C0043FCA4 /* PersonTests.swift in Sources */ = {isa = PBXBuildFile; fileRef = 58F635261D8B490C0043FCA4 /* PersonTests.swift */; };
		58F635291D8B4A890043FCA4 /* PersonDetailsWireFrameTests.swift in Sources */ = {isa = PBXBuildFile; fileRef = 58F635281D8B4A890043FCA4 /* PersonDetailsWireFrameTests.swift */; };
		58F6352D1D8B4B6B0043FCA4 /* PersonDetailsPresenterMock.swift in Sources */ = {isa = PBXBuildFile; fileRef = 58F6352C1D8B4B6B0043FCA4 /* PersonDetailsPresenterMock.swift */; };
		58F6352F1D8B4CA10043FCA4 /* TestablePersonDetailsWireFrame.swift in Sources */ = {isa = PBXBuildFile; fileRef = 58F6352E1D8B4CA10043FCA4 /* TestablePersonDetailsWireFrame.swift */; };
		58F635311D8B4D9D0043FCA4 /* PersonDetailsInteractorMock.swift in Sources */ = {isa = PBXBuildFile; fileRef = 58F635301D8B4D9D0043FCA4 /* PersonDetailsInteractorMock.swift */; };
		58F635331D8B4E1E0043FCA4 /* PeopleServiceMock.swift in Sources */ = {isa = PBXBuildFile; fileRef = 58F635321D8B4E1E0043FCA4 /* PeopleServiceMock.swift */; };
		58F635351D8B676E0043FCA4 /* PersonDetailsPresenterTests.swift in Sources */ = {isa = PBXBuildFile; fileRef = 58F635341D8B676E0043FCA4 /* PersonDetailsPresenterTests.swift */; };
		58F635371D8B6BFC0043FCA4 /* PersonDetailsViewMock.swift in Sources */ = {isa = PBXBuildFile; fileRef = 58F635361D8B6BFC0043FCA4 /* PersonDetailsViewMock.swift */; };
		58F635391D8B6DE20043FCA4 /* PersonDetailsDataModelTests.swift in Sources */ = {isa = PBXBuildFile; fileRef = 58F635381D8B6DE20043FCA4 /* PersonDetailsDataModelTests.swift */; };
/* End PBXBuildFile section */

/* Begin PBXContainerItemProxy section */
		581551F11D889996009349E2 /* PBXContainerItemProxy */ = {
			isa = PBXContainerItemProxy;
			containerPortal = 581551D41D889995009349E2 /* Project object */;
			proxyType = 1;
			remoteGlobalIDString = 581551DB1D889995009349E2;
			remoteInfo = VIPER_Demo;
		};
/* End PBXContainerItemProxy section */

/* Begin PBXFileReference section */
		0C3305099892D1F101CBC52F /* Pods_VIPER_Demo.framework */ = {isa = PBXFileReference; explicitFileType = wrapper.framework; includeInIndex = 0; path = Pods_VIPER_Demo.framework; sourceTree = BUILT_PRODUCTS_DIR; };
		3AFD0875145F55B9BABE3296 /* Pods-VIPER_Demo.release.xcconfig */ = {isa = PBXFileReference; includeInIndex = 1; lastKnownFileType = text.xcconfig; name = "Pods-VIPER_Demo.release.xcconfig"; path = "Pods/Target Support Files/Pods-VIPER_Demo/Pods-VIPER_Demo.release.xcconfig"; sourceTree = "<group>"; };
		581551DC1D889995009349E2 /* VIPER_Demo.app */ = {isa = PBXFileReference; explicitFileType = wrapper.application; includeInIndex = 0; path = VIPER_Demo.app; sourceTree = BUILT_PRODUCTS_DIR; };
		581551DF1D889995009349E2 /* AppDelegate.swift */ = {isa = PBXFileReference; lastKnownFileType = sourcecode.swift; path = AppDelegate.swift; sourceTree = "<group>"; };
		581551E41D889995009349E2 /* Base */ = {isa = PBXFileReference; lastKnownFileType = file.storyboard; name = Base; path = Base.lproj/PeopleList.storyboard; sourceTree = "<group>"; };
		581551E61D889995009349E2 /* Assets.xcassets */ = {isa = PBXFileReference; lastKnownFileType = folder.assetcatalog; path = Assets.xcassets; sourceTree = "<group>"; };
		581551E91D889995009349E2 /* Base */ = {isa = PBXFileReference; lastKnownFileType = file.storyboard; name = Base; path = Base.lproj/LaunchScreen.storyboard; sourceTree = "<group>"; };
		581551EB1D889995009349E2 /* Info.plist */ = {isa = PBXFileReference; lastKnownFileType = text.plist.xml; path = Info.plist; sourceTree = "<group>"; };
		581551F01D889996009349E2 /* VIPER_DemoTests.xctest */ = {isa = PBXFileReference; explicitFileType = wrapper.cfbundle; includeInIndex = 0; path = VIPER_DemoTests.xctest; sourceTree = BUILT_PRODUCTS_DIR; };
		581551F61D889996009349E2 /* Info.plist */ = {isa = PBXFileReference; lastKnownFileType = text.plist.xml; path = Info.plist; sourceTree = "<group>"; };
		5815520F1D889FB3009349E2 /* PeopleService.swift */ = {isa = PBXFileReference; fileEncoding = 4; lastKnownFileType = sourcecode.swift; path = PeopleService.swift; sourceTree = "<group>"; };
		5815521A1D88A1E4009349E2 /* Person.swift */ = {isa = PBXFileReference; fileEncoding = 4; lastKnownFileType = sourcecode.swift; path = Person.swift; sourceTree = "<group>"; };
		5815521D1D88A514009349E2 /* Main.storyboard */ = {isa = PBXFileReference; fileEncoding = 4; lastKnownFileType = file.storyboard; path = Main.storyboard; sourceTree = "<group>"; };
		581552411D88C0AB009349E2 /* AppDependencies.swift */ = {isa = PBXFileReference; fileEncoding = 4; lastKnownFileType = sourcecode.swift; path = AppDependencies.swift; sourceTree = "<group>"; };
		581552431D88C137009349E2 /* PeopleListWireFrame.swift */ = {isa = PBXFileReference; fileEncoding = 4; lastKnownFileType = sourcecode.swift; path = PeopleListWireFrame.swift; sourceTree = "<group>"; };
		581552471D88C332009349E2 /* MainWireFrame.swift */ = {isa = PBXFileReference; fileEncoding = 4; lastKnownFileType = sourcecode.swift; path = MainWireFrame.swift; sourceTree = "<group>"; };
		5829A8541D8C6F79000DC559 /* PersonDetailsInteractorTests.swift */ = {isa = PBXFileReference; fileEncoding = 4; lastKnownFileType = sourcecode.swift; name = PersonDetailsInteractorTests.swift; path = VIPER_DemoTests/ModulesTests/PersonDetailsTests/InteractorTests/PersonDetailsInteractorTests.swift; sourceTree = SOURCE_ROOT; };
		5829A8561D8C871A000DC559 /* PersonDetailsViewControllerTests.swift */ = {isa = PBXFileReference; fileEncoding = 4; lastKnownFileType = sourcecode.swift; name = PersonDetailsViewControllerTests.swift; path = VIPER_DemoTests/ModulesTests/PersonDetailsTests/ViewTests/PersonDetailsViewControllerTests.swift; sourceTree = SOURCE_ROOT; };
		583D96371D89F0D40017FB0B /* PeopleListView.swift */ = {isa = PBXFileReference; fileEncoding = 4; lastKnownFileType = sourcecode.swift; path = PeopleListView.swift; sourceTree = "<group>"; };
		583D96381D89F0D40017FB0B /* PeopleListViewController.swift */ = {isa = PBXFileReference; fileEncoding = 4; lastKnownFileType = sourcecode.swift; path = PeopleListViewController.swift; sourceTree = "<group>"; };
		583D963E1D89FC080017FB0B /* PersonDetailsWireFrame.swift */ = {isa = PBXFileReference; fileEncoding = 4; lastKnownFileType = sourcecode.swift; path = PersonDetailsWireFrame.swift; sourceTree = "<group>"; };
		583D96451D89FE200017FB0B /* PersonDetailsPresenter.swift */ = {isa = PBXFileReference; fileEncoding = 4; lastKnownFileType = sourcecode.swift; path = PersonDetailsPresenter.swift; sourceTree = "<group>"; };
		583D96471D8A01160017FB0B /* PersonDetails.storyboard */ = {isa = PBXFileReference; fileEncoding = 4; lastKnownFileType = file.storyboard; path = PersonDetails.storyboard; sourceTree = "<group>"; };
		583D96491D8A01260017FB0B /* PersonDetailsViewController.swift */ = {isa = PBXFileReference; fileEncoding = 4; lastKnownFileType = sourcecode.swift; path = PersonDetailsViewController.swift; sourceTree = "<group>"; };
		584F22B11D89D30000722C1D /* PeopleListModuleInterface.swift */ = {isa = PBXFileReference; fileEncoding = 4; lastKnownFileType = sourcecode.swift; path = PeopleListModuleInterface.swift; sourceTree = "<group>"; };
		584F22B31D89D65600722C1D /* PeopleTransformer.swift */ = {isa = PBXFileReference; fileEncoding = 4; lastKnownFileType = sourcecode.swift; path = PeopleTransformer.swift; sourceTree = "<group>"; };
		584F22B61D89EFAD00722C1D /* PeopleListPresenter.swift */ = {isa = PBXFileReference; fileEncoding = 4; lastKnownFileType = sourcecode.swift; path = PeopleListPresenter.swift; sourceTree = "<group>"; };
		584F22B91D89F03200722C1D /* PeopleListInteractor.swift */ = {isa = PBXFileReference; fileEncoding = 4; lastKnownFileType = sourcecode.swift; path = PeopleListInteractor.swift; sourceTree = "<group>"; };
		584F22BA1D89F03200722C1D /* PeopleListInteractorIO.swift */ = {isa = PBXFileReference; fileEncoding = 4; lastKnownFileType = sourcecode.swift; path = PeopleListInteractorIO.swift; sourceTree = "<group>"; };
		586C13D21D932D0B006F8F67 /* PersonDetailsData.swift */ = {isa = PBXFileReference; fileEncoding = 4; lastKnownFileType = sourcecode.swift; path = PersonDetailsData.swift; sourceTree = "<group>"; };
		586C13D41D932F2B006F8F67 /* PersonDataTests.swift */ = {isa = PBXFileReference; fileEncoding = 4; lastKnownFileType = sourcecode.swift; name = PersonDataTests.swift; path = VIPER_DemoTests/ModulesTests/PersonDetailsTests/InteractorTests/PersonDataTests.swift; sourceTree = SOURCE_ROOT; };
		586C13D61D9332C5006F8F67 /* PersonForListData.swift */ = {isa = PBXFileReference; fileEncoding = 4; lastKnownFileType = sourcecode.swift; path = PersonForListData.swift; sourceTree = "<group>"; };
		586C13D81D9336D1006F8F67 /* PeopleListWireFrameTests.swift */ = {isa = PBXFileReference; fileEncoding = 4; lastKnownFileType = sourcecode.swift; name = PeopleListWireFrameTests.swift; path = VIPER_DemoTests/ModulesTests/PeopleListTests/PeopleListWireFrameTests.swift; sourceTree = SOURCE_ROOT; };
		586C13DB1D933774006F8F67 /* MainWireFrameMock.swift */ = {isa = PBXFileReference; fileEncoding = 4; lastKnownFileType = sourcecode.swift; name = MainWireFrameMock.swift; path = VIPER_DemoTests/ModulesTests/PeopleListTests/Mocks/MainWireFrameMock.swift; sourceTree = SOURCE_ROOT; };
		586C13DD1D933843006F8F67 /* PeopleListPresenterMock.swift */ = {isa = PBXFileReference; fileEncoding = 4; lastKnownFileType = sourcecode.swift; name = PeopleListPresenterMock.swift; path = VIPER_DemoTests/ModulesTests/PeopleListTests/Mocks/PeopleListPresenterMock.swift; sourceTree = SOURCE_ROOT; };
		586C13DF1D9338C8006F8F67 /* PeopleListInteractorMock.swift */ = {isa = PBXFileReference; fileEncoding = 4; lastKnownFileType = sourcecode.swift; name = PeopleListInteractorMock.swift; path = VIPER_DemoTests/ModulesTests/PeopleListTests/Mocks/PeopleListInteractorMock.swift; sourceTree = SOURCE_ROOT; };
		586C13E31D933DB8006F8F67 /* PeopleListPresenterTests.swift */ = {isa = PBXFileReference; fileEncoding = 4; lastKnownFileType = sourcecode.swift; name = PeopleListPresenterTests.swift; path = VIPER_DemoTests/ModulesTests/PeopleListTests/PresenterTests/PeopleListPresenterTests.swift; sourceTree = SOURCE_ROOT; };
		586C13E51D934050006F8F67 /* PeopleListViewMock.swift */ = {isa = PBXFileReference; fileEncoding = 4; lastKnownFileType = sourcecode.swift; name = PeopleListViewMock.swift; path = VIPER_DemoTests/ModulesTests/PeopleListTests/Mocks/PeopleListViewMock.swift; sourceTree = SOURCE_ROOT; };
		586C13E71D934197006F8F67 /* PeopleListDataModelTests.swift */ = {isa = PBXFileReference; fileEncoding = 4; lastKnownFileType = sourcecode.swift; name = PeopleListDataModelTests.swift; path = VIPER_DemoTests/ModulesTests/PeopleListTests/PresenterTests/PeopleListDataModelTests.swift; sourceTree = SOURCE_ROOT; };
		586C13EB1D934E29006F8F67 /* PersonDetailsWireFrameMock.swift */ = {isa = PBXFileReference; fileEncoding = 4; lastKnownFileType = sourcecode.swift; name = PersonDetailsWireFrameMock.swift; path = VIPER_DemoTests/ModulesTests/PersonDetailsTests/Mocks/PersonDetailsWireFrameMock.swift; sourceTree = SOURCE_ROOT; };
		586C13ED1D934E6C006F8F67 /* PeopleListWireFrameMock.swift */ = {isa = PBXFileReference; fileEncoding = 4; lastKnownFileType = sourcecode.swift; name = PeopleListWireFrameMock.swift; path = VIPER_DemoTests/ModulesTests/PeopleListTests/Mocks/PeopleListWireFrameMock.swift; sourceTree = SOURCE_ROOT; };
		586C13EF1D934FBB006F8F67 /* PeopleListInteractorTests.swift */ = {isa = PBXFileReference; fileEncoding = 4; lastKnownFileType = sourcecode.swift; name = PeopleListInteractorTests.swift; path = VIPER_DemoTests/ModulesTests/PeopleListTests/InteractorTests/PeopleListInteractorTests.swift; sourceTree = SOURCE_ROOT; };
		586C13F11D9353B5006F8F67 /* PersonForListDataTests.swift */ = {isa = PBXFileReference; fileEncoding = 4; lastKnownFileType = sourcecode.swift; name = PersonForListDataTests.swift; path = VIPER_DemoTests/ModulesTests/PeopleListTests/InteractorTests/PersonForListDataTests.swift; sourceTree = SOURCE_ROOT; };
		586C13F31D9355BC006F8F67 /* PeopleListViewControllerTests.swift */ = {isa = PBXFileReference; fileEncoding = 4; lastKnownFileType = sourcecode.swift; name = PeopleListViewControllerTests.swift; path = VIPER_DemoTests/ModulesTests/PeopleListTests/ViewTests/PeopleListViewControllerTests.swift; sourceTree = SOURCE_ROOT; };
		58F6350A1D8B16DF0043FCA4 /* PersonDetailsView.swift */ = {isa = PBXFileReference; fileEncoding = 4; lastKnownFileType = sourcecode.swift; path = PersonDetailsView.swift; sourceTree = "<group>"; };
		58F6350C1D8B18AB0043FCA4 /* PersonDetailsModuleInterface.swift */ = {isa = PBXFileReference; fileEncoding = 4; lastKnownFileType = sourcecode.swift; path = PersonDetailsModuleInterface.swift; sourceTree = "<group>"; };
		58F6350E1D8B199E0043FCA4 /* PersonDetailsInteractor.swift */ = {isa = PBXFileReference; fileEncoding = 4; lastKnownFileType = sourcecode.swift; path = PersonDetailsInteractor.swift; sourceTree = "<group>"; };
		58F635101D8B19B90043FCA4 /* PersonDetailsInteractorIO.swift */ = {isa = PBXFileReference; fileEncoding = 4; lastKnownFileType = sourcecode.swift; path = PersonDetailsInteractorIO.swift; sourceTree = "<group>"; };
		58F635121D8B24440043FCA4 /* PersonDetailsDataModel.swift */ = {isa = PBXFileReference; fileEncoding = 4; lastKnownFileType = sourcecode.swift; path = PersonDetailsDataModel.swift; sourceTree = "<group>"; };
		58F635141D8B26220043FCA4 /* PeopleListDataModel.swift */ = {isa = PBXFileReference; fileEncoding = 4; lastKnownFileType = sourcecode.swift; path = PeopleListDataModel.swift; sourceTree = "<group>"; };
		58F635221D8B38EA0043FCA4 /* PeopleServiceTests.swift */ = {isa = PBXFileReference; fileEncoding = 4; lastKnownFileType = sourcecode.swift; path = PeopleServiceTests.swift; sourceTree = "<group>"; };
		58F635241D8B3BBF0043FCA4 /* PeopleTransformerTests.swift */ = {isa = PBXFileReference; fileEncoding = 4; lastKnownFileType = sourcecode.swift; path = PeopleTransformerTests.swift; sourceTree = "<group>"; };
		58F635261D8B490C0043FCA4 /* PersonTests.swift */ = {isa = PBXFileReference; fileEncoding = 4; lastKnownFileType = sourcecode.swift; path = PersonTests.swift; sourceTree = "<group>"; };
		58F635281D8B4A890043FCA4 /* PersonDetailsWireFrameTests.swift */ = {isa = PBXFileReference; fileEncoding = 4; lastKnownFileType = sourcecode.swift; name = PersonDetailsWireFrameTests.swift; path = VIPER_DemoTests/ModulesTests/PersonDetailsTests/PersonDetailsWireFrameTests.swift; sourceTree = SOURCE_ROOT; };
		58F6352C1D8B4B6B0043FCA4 /* PersonDetailsPresenterMock.swift */ = {isa = PBXFileReference; fileEncoding = 4; lastKnownFileType = sourcecode.swift; name = PersonDetailsPresenterMock.swift; path = VIPER_DemoTests/ModulesTests/PersonDetailsTests/Mocks/PersonDetailsPresenterMock.swift; sourceTree = SOURCE_ROOT; };
		58F6352E1D8B4CA10043FCA4 /* TestablePersonDetailsWireFrame.swift */ = {isa = PBXFileReference; fileEncoding = 4; lastKnownFileType = sourcecode.swift; name = TestablePersonDetailsWireFrame.swift; path = VIPER_DemoTests/ModulesTests/PersonDetailsTests/TestablePersonDetailsWireFrame.swift; sourceTree = SOURCE_ROOT; };
		58F635301D8B4D9D0043FCA4 /* PersonDetailsInteractorMock.swift */ = {isa = PBXFileReference; fileEncoding = 4; lastKnownFileType = sourcecode.swift; name = PersonDetailsInteractorMock.swift; path = VIPER_DemoTests/ModulesTests/PersonDetailsTests/Mocks/PersonDetailsInteractorMock.swift; sourceTree = SOURCE_ROOT; };
		58F635321D8B4E1E0043FCA4 /* PeopleServiceMock.swift */ = {isa = PBXFileReference; fileEncoding = 4; lastKnownFileType = sourcecode.swift; path = PeopleServiceMock.swift; sourceTree = "<group>"; };
		58F635341D8B676E0043FCA4 /* PersonDetailsPresenterTests.swift */ = {isa = PBXFileReference; fileEncoding = 4; lastKnownFileType = sourcecode.swift; name = PersonDetailsPresenterTests.swift; path = VIPER_DemoTests/ModulesTests/PersonDetailsTests/PresenterTests/PersonDetailsPresenterTests.swift; sourceTree = SOURCE_ROOT; };
		58F635361D8B6BFC0043FCA4 /* PersonDetailsViewMock.swift */ = {isa = PBXFileReference; fileEncoding = 4; lastKnownFileType = sourcecode.swift; name = PersonDetailsViewMock.swift; path = VIPER_DemoTests/ModulesTests/PersonDetailsTests/Mocks/PersonDetailsViewMock.swift; sourceTree = SOURCE_ROOT; };
		58F635381D8B6DE20043FCA4 /* PersonDetailsDataModelTests.swift */ = {isa = PBXFileReference; fileEncoding = 4; lastKnownFileType = sourcecode.swift; name = PersonDetailsDataModelTests.swift; path = VIPER_DemoTests/ModulesTests/PersonDetailsTests/PresenterTests/PersonDetailsDataModelTests.swift; sourceTree = SOURCE_ROOT; };
		5F60D7A9FFE18D28BC7A578D /* Pods_VIPER_DemoTests.framework */ = {isa = PBXFileReference; explicitFileType = wrapper.framework; includeInIndex = 0; path = Pods_VIPER_DemoTests.framework; sourceTree = BUILT_PRODUCTS_DIR; };
		90DD7CDAC0FA1E470F6EFF34 /* Pods-VIPER_DemoTests.debug.xcconfig */ = {isa = PBXFileReference; includeInIndex = 1; lastKnownFileType = text.xcconfig; name = "Pods-VIPER_DemoTests.debug.xcconfig"; path = "Pods/Target Support Files/Pods-VIPER_DemoTests/Pods-VIPER_DemoTests.debug.xcconfig"; sourceTree = "<group>"; };
		9E397B0817E3353A2BDA5911 /* Pods-VIPER_Demo.debug.xcconfig */ = {isa = PBXFileReference; includeInIndex = 1; lastKnownFileType = text.xcconfig; name = "Pods-VIPER_Demo.debug.xcconfig"; path = "Pods/Target Support Files/Pods-VIPER_Demo/Pods-VIPER_Demo.debug.xcconfig"; sourceTree = "<group>"; };
		D317032A8855387120A188F1 /* Pods-VIPER_DemoTests.release.xcconfig */ = {isa = PBXFileReference; includeInIndex = 1; lastKnownFileType = text.xcconfig; name = "Pods-VIPER_DemoTests.release.xcconfig"; path = "Pods/Target Support Files/Pods-VIPER_DemoTests/Pods-VIPER_DemoTests.release.xcconfig"; sourceTree = "<group>"; };
/* End PBXFileReference section */

/* Begin PBXFrameworksBuildPhase section */
		581551D91D889995009349E2 /* Frameworks */ = {
			isa = PBXFrameworksBuildPhase;
			buildActionMask = 2147483647;
			files = (
				2506072121F00A7ED9675282 /* Pods_VIPER_Demo.framework in Frameworks */,
			);
			runOnlyForDeploymentPostprocessing = 0;
		};
		581551ED1D889996009349E2 /* Frameworks */ = {
			isa = PBXFrameworksBuildPhase;
			buildActionMask = 2147483647;
			files = (
				389FBDA19DFD7A4A6946A517 /* Pods_VIPER_DemoTests.framework in Frameworks */,
			);
			runOnlyForDeploymentPostprocessing = 0;
		};
/* End PBXFrameworksBuildPhase section */

/* Begin PBXGroup section */
		581551D31D889995009349E2 = {
			isa = PBXGroup;
			children = (
				581551DE1D889995009349E2 /* VIPER_Demo */,
				581551F31D889996009349E2 /* VIPER_DemoTests */,
				581551DD1D889995009349E2 /* Products */,
				829FF0C0F334148F9E12E797 /* Pods */,
				BDDD3DEDB05261E69894A106 /* Frameworks */,
			);
			sourceTree = "<group>";
		};
		581551DD1D889995009349E2 /* Products */ = {
			isa = PBXGroup;
			children = (
				581551DC1D889995009349E2 /* VIPER_Demo.app */,
				581551F01D889996009349E2 /* VIPER_DemoTests.xctest */,
			);
			name = Products;
			sourceTree = "<group>";
		};
		581551DE1D889995009349E2 /* VIPER_Demo */ = {
			isa = PBXGroup;
			children = (
				581552111D889FCC009349E2 /* Entities */,
				5815520C1D889F6D009349E2 /* Modules */,
				5815520A1D889F15009349E2 /* Services */,
				581551DF1D889995009349E2 /* AppDelegate.swift */,
				581551E61D889995009349E2 /* Assets.xcassets */,
				581551E81D889995009349E2 /* LaunchScreen.storyboard */,
				581551EB1D889995009349E2 /* Info.plist */,
				5815521D1D88A514009349E2 /* Main.storyboard */,
				581552411D88C0AB009349E2 /* AppDependencies.swift */,
				581552471D88C332009349E2 /* MainWireFrame.swift */,
			);
			path = VIPER_Demo;
			sourceTree = "<group>";
		};
		581551F31D889996009349E2 /* VIPER_DemoTests */ = {
			isa = PBXGroup;
			children = (
				58F635181D8B373D0043FCA4 /* ServicesTests */,
				58F635171D8B37300043FCA4 /* ModulesTests */,
				58F635161D8B37170043FCA4 /* EntitiesTests */,
				581551F61D889996009349E2 /* Info.plist */,
			);
			path = VIPER_DemoTests;
			sourceTree = "<group>";
		};
		5815520A1D889F15009349E2 /* Services */ = {
			isa = PBXGroup;
			children = (
				5815520F1D889FB3009349E2 /* PeopleService.swift */,
				584F22B31D89D65600722C1D /* PeopleTransformer.swift */,
			);
			path = Services;
			sourceTree = "<group>";
		};
		5815520C1D889F6D009349E2 /* Modules */ = {
			isa = PBXGroup;
			children = (
				583D963B1D89FBB40017FB0B /* PersonDetails */,
				5815520D1D889F81009349E2 /* PeopleList */,
			);
			path = Modules;
			sourceTree = "<group>";
		};
		5815520D1D889F81009349E2 /* PeopleList */ = {
			isa = PBXGroup;
			children = (
				583D96361D89F0930017FB0B /* View */,
				584F22B81D89EFEE00722C1D /* Interactor */,
				584F22B51D89EF7300722C1D /* Presenter */,
				584F22B11D89D30000722C1D /* PeopleListModuleInterface.swift */,
				581552431D88C137009349E2 /* PeopleListWireFrame.swift */,
			);
			path = PeopleList;
			sourceTree = "<group>";
		};
		581552111D889FCC009349E2 /* Entities */ = {
			isa = PBXGroup;
			children = (
				5815521A1D88A1E4009349E2 /* Person.swift */,
			);
			path = Entities;
			sourceTree = "<group>";
		};
		583D96361D89F0930017FB0B /* View */ = {
			isa = PBXGroup;
			children = (
				583D96371D89F0D40017FB0B /* PeopleListView.swift */,
				583D96381D89F0D40017FB0B /* PeopleListViewController.swift */,
				581551E31D889995009349E2 /* PeopleList.storyboard */,
			);
			path = View;
			sourceTree = "<group>";
		};
		583D963B1D89FBB40017FB0B /* PersonDetails */ = {
			isa = PBXGroup;
			children = (
				583D96441D89FC520017FB0B /* Presenter */,
				583D96431D89FC440017FB0B /* Interactor */,
				583D96401D89FC2B0017FB0B /* View */,
				583D963E1D89FC080017FB0B /* PersonDetailsWireFrame.swift */,
				58F6350C1D8B18AB0043FCA4 /* PersonDetailsModuleInterface.swift */,
			);
			path = PersonDetails;
			sourceTree = "<group>";
		};
		583D96401D89FC2B0017FB0B /* View */ = {
			isa = PBXGroup;
			children = (
				583D96471D8A01160017FB0B /* PersonDetails.storyboard */,
				583D96491D8A01260017FB0B /* PersonDetailsViewController.swift */,
				58F6350A1D8B16DF0043FCA4 /* PersonDetailsView.swift */,
			);
			path = View;
			sourceTree = "<group>";
		};
		583D96431D89FC440017FB0B /* Interactor */ = {
			isa = PBXGroup;
			children = (
				58F6350E1D8B199E0043FCA4 /* PersonDetailsInteractor.swift */,
				58F635101D8B19B90043FCA4 /* PersonDetailsInteractorIO.swift */,
				586C13D21D932D0B006F8F67 /* PersonDetailsData.swift */,
			);
			path = Interactor;
			sourceTree = "<group>";
		};
		583D96441D89FC520017FB0B /* Presenter */ = {
			isa = PBXGroup;
			children = (
				583D96451D89FE200017FB0B /* PersonDetailsPresenter.swift */,
				58F635121D8B24440043FCA4 /* PersonDetailsDataModel.swift */,
			);
			path = Presenter;
			sourceTree = "<group>";
		};
		584F22B51D89EF7300722C1D /* Presenter */ = {
			isa = PBXGroup;
			children = (
				584F22B61D89EFAD00722C1D /* PeopleListPresenter.swift */,
				58F635141D8B26220043FCA4 /* PeopleListDataModel.swift */,
			);
			path = Presenter;
			sourceTree = "<group>";
		};
		584F22B81D89EFEE00722C1D /* Interactor */ = {
			isa = PBXGroup;
			children = (
				584F22B91D89F03200722C1D /* PeopleListInteractor.swift */,
				584F22BA1D89F03200722C1D /* PeopleListInteractorIO.swift */,
				586C13D61D9332C5006F8F67 /* PersonForListData.swift */,
			);
			path = Interactor;
			sourceTree = "<group>";
		};
		586C13DA1D933754006F8F67 /* Mocks */ = {
			isa = PBXGroup;
			children = (
				586C13ED1D934E6C006F8F67 /* PeopleListWireFrameMock.swift */,
				586C13DB1D933774006F8F67 /* MainWireFrameMock.swift */,
				586C13DD1D933843006F8F67 /* PeopleListPresenterMock.swift */,
				586C13DF1D9338C8006F8F67 /* PeopleListInteractorMock.swift */,
				586C13E51D934050006F8F67 /* PeopleListViewMock.swift */,
			);
			path = Mocks;
			sourceTree = "<group>";
		};
		58F635161D8B37170043FCA4 /* EntitiesTests */ = {
			isa = PBXGroup;
			children = (
				58F635261D8B490C0043FCA4 /* PersonTests.swift */,
			);
			path = EntitiesTests;
			sourceTree = "<group>";
		};
		58F635171D8B37300043FCA4 /* ModulesTests */ = {
			isa = PBXGroup;
			children = (
				58F6351B1D8B37DC0043FCA4 /* PeopleListTests */,
				58F6351A1D8B37C00043FCA4 /* PersonDetailsTests */,
			);
			name = ModulesTests;
			path = Modules;
			sourceTree = "<group>";
		};
		58F635181D8B373D0043FCA4 /* ServicesTests */ = {
			isa = PBXGroup;
			children = (
				58F635221D8B38EA0043FCA4 /* PeopleServiceTests.swift */,
				58F635241D8B3BBF0043FCA4 /* PeopleTransformerTests.swift */,
				58F635321D8B4E1E0043FCA4 /* PeopleServiceMock.swift */,
			);
			path = ServicesTests;
			sourceTree = "<group>";
		};
		58F6351A1D8B37C00043FCA4 /* PersonDetailsTests */ = {
			isa = PBXGroup;
			children = (
				58F6352B1D8B4B530043FCA4 /* Mocks */,
				58F6351E1D8B38470043FCA4 /* ViewTests */,
				58F6351D1D8B38200043FCA4 /* InteractorTests */,
				58F6351C1D8B380E0043FCA4 /* PresenterTests */,
				58F635281D8B4A890043FCA4 /* PersonDetailsWireFrameTests.swift */,
				58F6352E1D8B4CA10043FCA4 /* TestablePersonDetailsWireFrame.swift */,
			);
			name = PersonDetailsTests;
			path = VIPER_DemoTests/ModulesTests/PersonDetailsTests;
			sourceTree = "<group>";
		};
		58F6351B1D8B37DC0043FCA4 /* PeopleListTests */ = {
			isa = PBXGroup;
			children = (
				586C13DA1D933754006F8F67 /* Mocks */,
				58F635211D8B388B0043FCA4 /* PresenterTests */,
				58F635201D8B38780043FCA4 /* InteractorTests */,
				58F6351F1D8B38650043FCA4 /* ViewTests */,
				586C13D81D9336D1006F8F67 /* PeopleListWireFrameTests.swift */,
			);
			name = PeopleListTests;
			path = VIPER_DemoTests/ModulesTests/PeopleListTests;
			sourceTree = "<group>";
		};
		58F6351C1D8B380E0043FCA4 /* PresenterTests */ = {
			isa = PBXGroup;
			children = (
				58F635341D8B676E0043FCA4 /* PersonDetailsPresenterTests.swift */,
				58F635381D8B6DE20043FCA4 /* PersonDetailsDataModelTests.swift */,
			);
			path = PresenterTests;
			sourceTree = "<group>";
		};
		58F6351D1D8B38200043FCA4 /* InteractorTests */ = {
			isa = PBXGroup;
			children = (
				5829A8541D8C6F79000DC559 /* PersonDetailsInteractorTests.swift */,
				586C13D41D932F2B006F8F67 /* PersonDataTests.swift */,
			);
			name = InteractorTests;
			path = Interactor;
			sourceTree = "<group>";
		};
		58F6351E1D8B38470043FCA4 /* ViewTests */ = {
			isa = PBXGroup;
			children = (
				5829A8561D8C871A000DC559 /* PersonDetailsViewControllerTests.swift */,
			);
			path = ViewTests;
			sourceTree = "<group>";
		};
		58F6351F1D8B38650043FCA4 /* ViewTests */ = {
			isa = PBXGroup;
			children = (
				586C13F31D9355BC006F8F67 /* PeopleListViewControllerTests.swift */,
			);
			path = ViewTests;
			sourceTree = "<group>";
		};
		58F635201D8B38780043FCA4 /* InteractorTests */ = {
			isa = PBXGroup;
			children = (
				586C13EF1D934FBB006F8F67 /* PeopleListInteractorTests.swift */,
				586C13F11D9353B5006F8F67 /* PersonForListDataTests.swift */,
			);
			path = InteractorTests;
			sourceTree = "<group>";
		};
		58F635211D8B388B0043FCA4 /* PresenterTests */ = {
			isa = PBXGroup;
			children = (
				586C13E31D933DB8006F8F67 /* PeopleListPresenterTests.swift */,
				586C13E71D934197006F8F67 /* PeopleListDataModelTests.swift */,
			);
			path = PresenterTests;
			sourceTree = "<group>";
		};
		58F6352B1D8B4B530043FCA4 /* Mocks */ = {
			isa = PBXGroup;
			children = (
				586C13EB1D934E29006F8F67 /* PersonDetailsWireFrameMock.swift */,
				58F6352C1D8B4B6B0043FCA4 /* PersonDetailsPresenterMock.swift */,
				58F635301D8B4D9D0043FCA4 /* PersonDetailsInteractorMock.swift */,
				58F635361D8B6BFC0043FCA4 /* PersonDetailsViewMock.swift */,
			);
			path = Mocks;
			sourceTree = "<group>";
		};
		829FF0C0F334148F9E12E797 /* Pods */ = {
			isa = PBXGroup;
			children = (
				9E397B0817E3353A2BDA5911 /* Pods-VIPER_Demo.debug.xcconfig */,
				3AFD0875145F55B9BABE3296 /* Pods-VIPER_Demo.release.xcconfig */,
				90DD7CDAC0FA1E470F6EFF34 /* Pods-VIPER_DemoTests.debug.xcconfig */,
				D317032A8855387120A188F1 /* Pods-VIPER_DemoTests.release.xcconfig */,
			);
			name = Pods;
			sourceTree = "<group>";
		};
		BDDD3DEDB05261E69894A106 /* Frameworks */ = {
			isa = PBXGroup;
			children = (
				0C3305099892D1F101CBC52F /* Pods_VIPER_Demo.framework */,
				5F60D7A9FFE18D28BC7A578D /* Pods_VIPER_DemoTests.framework */,
			);
			name = Frameworks;
			sourceTree = "<group>";
		};
/* End PBXGroup section */

/* Begin PBXNativeTarget section */
		581551DB1D889995009349E2 /* VIPER_Demo */ = {
			isa = PBXNativeTarget;
			buildConfigurationList = 581551F91D889996009349E2 /* Build configuration list for PBXNativeTarget "VIPER_Demo" */;
			buildPhases = (
				2451DBA8B826477726C0DCD0 /* [CP] Check Pods Manifest.lock */,
				581551D81D889995009349E2 /* Sources */,
				581551D91D889995009349E2 /* Frameworks */,
				581551DA1D889995009349E2 /* Resources */,
				2EB2B2711BFAE2E0C24B0D4F /* [CP] Embed Pods Frameworks */,
				4BA5BC93C7CB663DCE1A7248 /* [CP] Copy Pods Resources */,
			);
			buildRules = (
			);
			dependencies = (
			);
			name = VIPER_Demo;
			productName = VIPER_Demo;
			productReference = 581551DC1D889995009349E2 /* VIPER_Demo.app */;
			productType = "com.apple.product-type.application";
		};
		581551EF1D889996009349E2 /* VIPER_DemoTests */ = {
			isa = PBXNativeTarget;
			buildConfigurationList = 581551FC1D889996009349E2 /* Build configuration list for PBXNativeTarget "VIPER_DemoTests" */;
			buildPhases = (
				8AB69A2646FE8B3E4E70686F /* [CP] Check Pods Manifest.lock */,
				581551EC1D889996009349E2 /* Sources */,
				581551ED1D889996009349E2 /* Frameworks */,
				581551EE1D889996009349E2 /* Resources */,
				F5B10DEAB4F65DFE457D3D9C /* [CP] Embed Pods Frameworks */,
				8545419DD0C29025F9C0EF49 /* [CP] Copy Pods Resources */,
			);
			buildRules = (
			);
			dependencies = (
				581551F21D889996009349E2 /* PBXTargetDependency */,
			);
			name = VIPER_DemoTests;
			productName = VIPER_DemoTests;
			productReference = 581551F01D889996009349E2 /* VIPER_DemoTests.xctest */;
			productType = "com.apple.product-type.bundle.unit-test";
		};
/* End PBXNativeTarget section */

/* Begin PBXProject section */
		581551D41D889995009349E2 /* Project object */ = {
			isa = PBXProject;
			attributes = {
				LastSwiftUpdateCheck = 0730;
				LastUpgradeCheck = 0800;
				ORGANIZATIONNAME = ThoughtWorks;
				TargetAttributes = {
					581551DB1D889995009349E2 = {
						CreatedOnToolsVersion = 7.3.1;
						LastSwiftMigration = 0800;
					};
					581551EF1D889996009349E2 = {
						CreatedOnToolsVersion = 7.3.1;
						LastSwiftMigration = 0800;
						TestTargetID = 581551DB1D889995009349E2;
					};
				};
			};
			buildConfigurationList = 581551D71D889995009349E2 /* Build configuration list for PBXProject "VIPER_Demo" */;
			compatibilityVersion = "Xcode 3.2";
			developmentRegion = English;
			hasScannedForEncodings = 0;
			knownRegions = (
				en,
				Base,
			);
			mainGroup = 581551D31D889995009349E2;
			productRefGroup = 581551DD1D889995009349E2 /* Products */;
			projectDirPath = "";
			projectRoot = "";
			targets = (
				581551DB1D889995009349E2 /* VIPER_Demo */,
				581551EF1D889996009349E2 /* VIPER_DemoTests */,
			);
		};
/* End PBXProject section */

/* Begin PBXResourcesBuildPhase section */
		581551DA1D889995009349E2 /* Resources */ = {
			isa = PBXResourcesBuildPhase;
			buildActionMask = 2147483647;
			files = (
				581551EA1D889995009349E2 /* LaunchScreen.storyboard in Resources */,
				581551E71D889995009349E2 /* Assets.xcassets in Resources */,
				581551E51D889995009349E2 /* PeopleList.storyboard in Resources */,
				5815521E1D88A514009349E2 /* Main.storyboard in Resources */,
				583D96481D8A01160017FB0B /* PersonDetails.storyboard in Resources */,
			);
			runOnlyForDeploymentPostprocessing = 0;
		};
		581551EE1D889996009349E2 /* Resources */ = {
			isa = PBXResourcesBuildPhase;
			buildActionMask = 2147483647;
			files = (
			);
			runOnlyForDeploymentPostprocessing = 0;
		};
/* End PBXResourcesBuildPhase section */

/* Begin PBXShellScriptBuildPhase section */
		2451DBA8B826477726C0DCD0 /* [CP] Check Pods Manifest.lock */ = {
			isa = PBXShellScriptBuildPhase;
			buildActionMask = 2147483647;
			files = (
			);
			inputPaths = (
			);
			name = "[CP] Check Pods Manifest.lock";
			outputPaths = (
			);
			runOnlyForDeploymentPostprocessing = 0;
			shellPath = /bin/sh;
			shellScript = "diff \"${PODS_ROOT}/../Podfile.lock\" \"${PODS_ROOT}/Manifest.lock\" > /dev/null\nif [ $? != 0 ] ; then\n    # print error to STDERR\n    echo \"error: The sandbox is not in sync with the Podfile.lock. Run 'pod install' or update your CocoaPods installation.\" >&2\n    exit 1\nfi\n";
			showEnvVarsInLog = 0;
		};
		2EB2B2711BFAE2E0C24B0D4F /* [CP] Embed Pods Frameworks */ = {
			isa = PBXShellScriptBuildPhase;
			buildActionMask = 2147483647;
			files = (
			);
			inputPaths = (
			);
			name = "[CP] Embed Pods Frameworks";
			outputPaths = (
			);
			runOnlyForDeploymentPostprocessing = 0;
			shellPath = /bin/sh;
			shellScript = "\"${SRCROOT}/Pods/Target Support Files/Pods-VIPER_Demo/Pods-VIPER_Demo-frameworks.sh\"\n";
			showEnvVarsInLog = 0;
		};
		4BA5BC93C7CB663DCE1A7248 /* [CP] Copy Pods Resources */ = {
			isa = PBXShellScriptBuildPhase;
			buildActionMask = 2147483647;
			files = (
			);
			inputPaths = (
			);
			name = "[CP] Copy Pods Resources";
			outputPaths = (
			);
			runOnlyForDeploymentPostprocessing = 0;
			shellPath = /bin/sh;
			shellScript = "\"${SRCROOT}/Pods/Target Support Files/Pods-VIPER_Demo/Pods-VIPER_Demo-resources.sh\"\n";
			showEnvVarsInLog = 0;
		};
		8545419DD0C29025F9C0EF49 /* [CP] Copy Pods Resources */ = {
			isa = PBXShellScriptBuildPhase;
			buildActionMask = 2147483647;
			files = (
			);
			inputPaths = (
			);
			name = "[CP] Copy Pods Resources";
			outputPaths = (
			);
			runOnlyForDeploymentPostprocessing = 0;
			shellPath = /bin/sh;
			shellScript = "\"${SRCROOT}/Pods/Target Support Files/Pods-VIPER_DemoTests/Pods-VIPER_DemoTests-resources.sh\"\n";
			showEnvVarsInLog = 0;
		};
		8AB69A2646FE8B3E4E70686F /* [CP] Check Pods Manifest.lock */ = {
			isa = PBXShellScriptBuildPhase;
			buildActionMask = 2147483647;
			files = (
			);
			inputPaths = (
			);
			name = "[CP] Check Pods Manifest.lock";
			outputPaths = (
			);
			runOnlyForDeploymentPostprocessing = 0;
			shellPath = /bin/sh;
			shellScript = "diff \"${PODS_ROOT}/../Podfile.lock\" \"${PODS_ROOT}/Manifest.lock\" > /dev/null\nif [ $? != 0 ] ; then\n    # print error to STDERR\n    echo \"error: The sandbox is not in sync with the Podfile.lock. Run 'pod install' or update your CocoaPods installation.\" >&2\n    exit 1\nfi\n";
			showEnvVarsInLog = 0;
		};
		F5B10DEAB4F65DFE457D3D9C /* [CP] Embed Pods Frameworks */ = {
			isa = PBXShellScriptBuildPhase;
			buildActionMask = 2147483647;
			files = (
			);
			inputPaths = (
			);
			name = "[CP] Embed Pods Frameworks";
			outputPaths = (
			);
			runOnlyForDeploymentPostprocessing = 0;
			shellPath = /bin/sh;
			shellScript = "\"${SRCROOT}/Pods/Target Support Files/Pods-VIPER_DemoTests/Pods-VIPER_DemoTests-frameworks.sh\"\n";
			showEnvVarsInLog = 0;
		};
/* End PBXShellScriptBuildPhase section */

/* Begin PBXSourcesBuildPhase section */
		581551D81D889995009349E2 /* Sources */ = {
			isa = PBXSourcesBuildPhase;
			buildActionMask = 2147483647;
			files = (
				58F6350F1D8B199E0043FCA4 /* PersonDetailsInteractor.swift in Sources */,
				583D963A1D89F0D40017FB0B /* PeopleListViewController.swift in Sources */,
				58F635111D8B19BA0043FCA4 /* PersonDetailsInteractorIO.swift in Sources */,
				58F6350D1D8B18AB0043FCA4 /* PersonDetailsModuleInterface.swift in Sources */,
				581552421D88C0AB009349E2 /* AppDependencies.swift in Sources */,
				581552481D88C332009349E2 /* MainWireFrame.swift in Sources */,
				586C13D71D9332C5006F8F67 /* PersonForListData.swift in Sources */,
				584F22B41D89D65600722C1D /* PeopleTransformer.swift in Sources */,
				581551E01D889995009349E2 /* AppDelegate.swift in Sources */,
				581552441D88C137009349E2 /* PeopleListWireFrame.swift in Sources */,
				583D96461D89FE200017FB0B /* PersonDetailsPresenter.swift in Sources */,
				583D963F1D89FC080017FB0B /* PersonDetailsWireFrame.swift in Sources */,
				58F635131D8B24440043FCA4 /* PersonDetailsDataModel.swift in Sources */,
				583D964A1D8A01260017FB0B /* PersonDetailsViewController.swift in Sources */,
				586C13D31D932D0B006F8F67 /* PersonDetailsData.swift in Sources */,
				584F22B71D89EFAD00722C1D /* PeopleListPresenter.swift in Sources */,
				5815521B1D88A1E4009349E2 /* Person.swift in Sources */,
				58F6350B1D8B16DF0043FCA4 /* PersonDetailsView.swift in Sources */,
				58F635151D8B26220043FCA4 /* PeopleListDataModel.swift in Sources */,
				583D96391D89F0D40017FB0B /* PeopleListView.swift in Sources */,
				584F22B21D89D30000722C1D /* PeopleListModuleInterface.swift in Sources */,
				584F22BC1D89F03200722C1D /* PeopleListInteractorIO.swift in Sources */,
				581552101D889FB3009349E2 /* PeopleService.swift in Sources */,
				584F22BB1D89F03200722C1D /* PeopleListInteractor.swift in Sources */,
			);
			runOnlyForDeploymentPostprocessing = 0;
		};
		581551EC1D889996009349E2 /* Sources */ = {
			isa = PBXSourcesBuildPhase;
			buildActionMask = 2147483647;
			files = (
				586C13E61D934050006F8F67 /* PeopleListViewMock.swift in Sources */,
				58F635391D8B6DE20043FCA4 /* PersonDetailsDataModelTests.swift in Sources */,
				586C13E41D933DB8006F8F67 /* PeopleListPresenterTests.swift in Sources */,
				58F635251D8B3BBF0043FCA4 /* PeopleTransformerTests.swift in Sources */,
				586C13EE1D934E6C006F8F67 /* PeopleListWireFrameMock.swift in Sources */,
				586C13EC1D934E29006F8F67 /* PersonDetailsWireFrameMock.swift in Sources */,
				58F635271D8B490C0043FCA4 /* PersonTests.swift in Sources */,
				586C13DC1D933774006F8F67 /* MainWireFrameMock.swift in Sources */,
				58F635331D8B4E1E0043FCA4 /* PeopleServiceMock.swift in Sources */,
				5829A8571D8C871A000DC559 /* PersonDetailsViewControllerTests.swift in Sources */,
				586C13DE1D933843006F8F67 /* PeopleListPresenterMock.swift in Sources */,
				586C13E01D9338C8006F8F67 /* PeopleListInteractorMock.swift in Sources */,
				5829A8551D8C6F79000DC559 /* PersonDetailsInteractorTests.swift in Sources */,
				586C13F41D9355BC006F8F67 /* PeopleListViewControllerTests.swift in Sources */,
				58F635311D8B4D9D0043FCA4 /* PersonDetailsInteractorMock.swift in Sources */,
				586C13E81D934197006F8F67 /* PeopleListDataModelTests.swift in Sources */,
				58F635371D8B6BFC0043FCA4 /* PersonDetailsViewMock.swift in Sources */,
				58F6352D1D8B4B6B0043FCA4 /* PersonDetailsPresenterMock.swift in Sources */,
				586C13F01D934FBB006F8F67 /* PeopleListInteractorTests.swift in Sources */,
				586C13D91D9336D1006F8F67 /* PeopleListWireFrameTests.swift in Sources */,
				586C13F21D9353B5006F8F67 /* PersonForListDataTests.swift in Sources */,
				58F635291D8B4A890043FCA4 /* PersonDetailsWireFrameTests.swift in Sources */,
				58F6352F1D8B4CA10043FCA4 /* TestablePersonDetailsWireFrame.swift in Sources */,
				58F635351D8B676E0043FCA4 /* PersonDetailsPresenterTests.swift in Sources */,
				586C13D51D932F2B006F8F67 /* PersonDataTests.swift in Sources */,
				58F635231D8B38EA0043FCA4 /* PeopleServiceTests.swift in Sources */,
			);
			runOnlyForDeploymentPostprocessing = 0;
		};
/* End PBXSourcesBuildPhase section */

/* Begin PBXTargetDependency section */
		581551F21D889996009349E2 /* PBXTargetDependency */ = {
			isa = PBXTargetDependency;
			target = 581551DB1D889995009349E2 /* VIPER_Demo */;
			targetProxy = 581551F11D889996009349E2 /* PBXContainerItemProxy */;
		};
/* End PBXTargetDependency section */

/* Begin PBXVariantGroup section */
		581551E31D889995009349E2 /* PeopleList.storyboard */ = {
			isa = PBXVariantGroup;
			children = (
				581551E41D889995009349E2 /* Base */,
			);
			name = PeopleList.storyboard;
			path = ../../..;
			sourceTree = "<group>";
		};
		581551E81D889995009349E2 /* LaunchScreen.storyboard */ = {
			isa = PBXVariantGroup;
			children = (
				581551E91D889995009349E2 /* Base */,
			);
			name = LaunchScreen.storyboard;
			sourceTree = "<group>";
		};
/* End PBXVariantGroup section */

/* Begin XCBuildConfiguration section */
		581551F71D889996009349E2 /* Debug */ = {
			isa = XCBuildConfiguration;
			buildSettings = {
				ALWAYS_SEARCH_USER_PATHS = NO;
				CLANG_ANALYZER_NONNULL = YES;
				CLANG_CXX_LANGUAGE_STANDARD = "gnu++0x";
				CLANG_CXX_LIBRARY = "libc++";
				CLANG_ENABLE_MODULES = YES;
				CLANG_ENABLE_OBJC_ARC = YES;
				CLANG_WARN_BOOL_CONVERSION = YES;
				CLANG_WARN_CONSTANT_CONVERSION = YES;
				CLANG_WARN_DIRECT_OBJC_ISA_USAGE = YES_ERROR;
				CLANG_WARN_EMPTY_BODY = YES;
				CLANG_WARN_ENUM_CONVERSION = YES;
				CLANG_WARN_INFINITE_RECURSION = YES;
				CLANG_WARN_INT_CONVERSION = YES;
				CLANG_WARN_OBJC_ROOT_CLASS = YES_ERROR;
				CLANG_WARN_SUSPICIOUS_MOVE = YES;
				CLANG_WARN_UNREACHABLE_CODE = YES;
				CLANG_WARN__DUPLICATE_METHOD_MATCH = YES;
				"CODE_SIGN_IDENTITY[sdk=iphoneos*]" = "iPhone Developer";
				COPY_PHASE_STRIP = NO;
				DEBUG_INFORMATION_FORMAT = dwarf;
				ENABLE_STRICT_OBJC_MSGSEND = YES;
				ENABLE_TESTABILITY = YES;
				GCC_C_LANGUAGE_STANDARD = gnu99;
				GCC_DYNAMIC_NO_PIC = NO;
				GCC_NO_COMMON_BLOCKS = YES;
				GCC_OPTIMIZATION_LEVEL = 0;
				GCC_PREPROCESSOR_DEFINITIONS = (
					"DEBUG=1",
					"$(inherited)",
				);
				GCC_WARN_64_TO_32_BIT_CONVERSION = YES;
				GCC_WARN_ABOUT_RETURN_TYPE = YES_ERROR;
				GCC_WARN_UNDECLARED_SELECTOR = YES;
				GCC_WARN_UNINITIALIZED_AUTOS = YES_AGGRESSIVE;
				GCC_WARN_UNUSED_FUNCTION = YES;
				GCC_WARN_UNUSED_VARIABLE = YES;
				IPHONEOS_DEPLOYMENT_TARGET = 10.0;
				MTL_ENABLE_DEBUG_INFO = YES;
				ONLY_ACTIVE_ARCH = YES;
				SDKROOT = iphoneos;
				SWIFT_OPTIMIZATION_LEVEL = "-Onone";
				TARGETED_DEVICE_FAMILY = "1,2";
			};
			name = Debug;
		};
		581551F81D889996009349E2 /* Release */ = {
			isa = XCBuildConfiguration;
			buildSettings = {
				ALWAYS_SEARCH_USER_PATHS = NO;
				CLANG_ANALYZER_NONNULL = YES;
				CLANG_CXX_LANGUAGE_STANDARD = "gnu++0x";
				CLANG_CXX_LIBRARY = "libc++";
				CLANG_ENABLE_MODULES = YES;
				CLANG_ENABLE_OBJC_ARC = YES;
				CLANG_WARN_BOOL_CONVERSION = YES;
				CLANG_WARN_CONSTANT_CONVERSION = YES;
				CLANG_WARN_DIRECT_OBJC_ISA_USAGE = YES_ERROR;
				CLANG_WARN_EMPTY_BODY = YES;
				CLANG_WARN_ENUM_CONVERSION = YES;
				CLANG_WARN_INFINITE_RECURSION = YES;
				CLANG_WARN_INT_CONVERSION = YES;
				CLANG_WARN_OBJC_ROOT_CLASS = YES_ERROR;
				CLANG_WARN_SUSPICIOUS_MOVE = YES;
				CLANG_WARN_UNREACHABLE_CODE = YES;
				CLANG_WARN__DUPLICATE_METHOD_MATCH = YES;
				"CODE_SIGN_IDENTITY[sdk=iphoneos*]" = "iPhone Developer";
				COPY_PHASE_STRIP = NO;
				DEBUG_INFORMATION_FORMAT = "dwarf-with-dsym";
				ENABLE_NS_ASSERTIONS = NO;
				ENABLE_STRICT_OBJC_MSGSEND = YES;
				GCC_C_LANGUAGE_STANDARD = gnu99;
				GCC_NO_COMMON_BLOCKS = YES;
				GCC_WARN_64_TO_32_BIT_CONVERSION = YES;
				GCC_WARN_ABOUT_RETURN_TYPE = YES_ERROR;
				GCC_WARN_UNDECLARED_SELECTOR = YES;
				GCC_WARN_UNINITIALIZED_AUTOS = YES_AGGRESSIVE;
				GCC_WARN_UNUSED_FUNCTION = YES;
				GCC_WARN_UNUSED_VARIABLE = YES;
				IPHONEOS_DEPLOYMENT_TARGET = 10.0;
				MTL_ENABLE_DEBUG_INFO = NO;
				SDKROOT = iphoneos;
				SWIFT_OPTIMIZATION_LEVEL = "-Owholemodule";
				TARGETED_DEVICE_FAMILY = "1,2";
				VALIDATE_PRODUCT = YES;
			};
			name = Release;
		};
		581551FA1D889996009349E2 /* Debug */ = {
			isa = XCBuildConfiguration;
			baseConfigurationReference = 9E397B0817E3353A2BDA5911 /* Pods-VIPER_Demo.debug.xcconfig */;
			buildSettings = {
				ALWAYS_EMBED_SWIFT_STANDARD_LIBRARIES = YES;
				ASSETCATALOG_COMPILER_APPICON_NAME = AppIcon;
				INFOPLIST_FILE = VIPER_Demo/Info.plist;
				LD_RUNPATH_SEARCH_PATHS = "$(inherited) @executable_path/Frameworks";
				PRODUCT_BUNDLE_IDENTIFIER = "com.thoughtworks.VIPER-Demo";
				PRODUCT_NAME = "$(TARGET_NAME)";
				SWIFT_VERSION = 3.0;
			};
			name = Debug;
		};
		581551FB1D889996009349E2 /* Release */ = {
			isa = XCBuildConfiguration;
			baseConfigurationReference = 3AFD0875145F55B9BABE3296 /* Pods-VIPER_Demo.release.xcconfig */;
			buildSettings = {
				ALWAYS_EMBED_SWIFT_STANDARD_LIBRARIES = YES;
				ASSETCATALOG_COMPILER_APPICON_NAME = AppIcon;
				INFOPLIST_FILE = VIPER_Demo/Info.plist;
				LD_RUNPATH_SEARCH_PATHS = "$(inherited) @executable_path/Frameworks";
				PRODUCT_BUNDLE_IDENTIFIER = "com.thoughtworks.VIPER-Demo";
				PRODUCT_NAME = "$(TARGET_NAME)";
				SWIFT_VERSION = 3.0;
			};
			name = Release;
		};
		581551FD1D889996009349E2 /* Debug */ = {
			isa = XCBuildConfiguration;
			baseConfigurationReference = 90DD7CDAC0FA1E470F6EFF34 /* Pods-VIPER_DemoTests.debug.xcconfig */;
			buildSettings = {
				ALWAYS_EMBED_SWIFT_STANDARD_LIBRARIES = YES;
				BUNDLE_LOADER = "$(TEST_HOST)";
				CLANG_ENABLE_MODULES = YES;
				INFOPLIST_FILE = VIPER_DemoTests/Info.plist;
				LD_RUNPATH_SEARCH_PATHS = "$(inherited) @executable_path/Frameworks @loader_path/Frameworks";
				PRODUCT_BUNDLE_IDENTIFIER = "com.thoughtworks.VIPER-DemoTests";
				PRODUCT_NAME = "$(TARGET_NAME)";
				SWIFT_OPTIMIZATION_LEVEL = "-Onone";
				SWIFT_VERSION = 3.0;
				TEST_HOST = "$(BUILT_PRODUCTS_DIR)/VIPER_Demo.app/VIPER_Demo";
			};
			name = Debug;
		};
		581551FE1D889996009349E2 /* Release */ = {
			isa = XCBuildConfiguration;
			baseConfigurationReference = D317032A8855387120A188F1 /* Pods-VIPER_DemoTests.release.xcconfig */;
			buildSettings = {
				ALWAYS_EMBED_SWIFT_STANDARD_LIBRARIES = YES;
				BUNDLE_LOADER = "$(TEST_HOST)";
				CLANG_ENABLE_MODULES = YES;
				INFOPLIST_FILE = VIPER_DemoTests/Info.plist;
				LD_RUNPATH_SEARCH_PATHS = "$(inherited) @executable_path/Frameworks @loader_path/Frameworks";
				PRODUCT_BUNDLE_IDENTIFIER = "com.thoughtworks.VIPER-DemoTests";
				PRODUCT_NAME = "$(TARGET_NAME)";
				SWIFT_VERSION = 3.0;
				TEST_HOST = "$(BUILT_PRODUCTS_DIR)/VIPER_Demo.app/VIPER_Demo";
			};
			name = Release;
		};
/* End XCBuildConfiguration section */

/* Begin XCConfigurationList section */
		581551D71D889995009349E2 /* Build configuration list for PBXProject "VIPER_Demo" */ = {
			isa = XCConfigurationList;
			buildConfigurations = (
				581551F71D889996009349E2 /* Debug */,
				581551F81D889996009349E2 /* Release */,
			);
			defaultConfigurationIsVisible = 0;
			defaultConfigurationName = Release;
		};
		581551F91D889996009349E2 /* Build configuration list for PBXNativeTarget "VIPER_Demo" */ = {
			isa = XCConfigurationList;
			buildConfigurations = (
				581551FA1D889996009349E2 /* Debug */,
				581551FB1D889996009349E2 /* Release */,
			);
			defaultConfigurationIsVisible = 0;
			defaultConfigurationName = Release;
		};
		581551FC1D889996009349E2 /* Build configuration list for PBXNativeTarget "VIPER_DemoTests" */ = {
			isa = XCConfigurationList;
			buildConfigurations = (
				581551FD1D889996009349E2 /* Debug */,
				581551FE1D889996009349E2 /* Release */,
			);
			defaultConfigurationIsVisible = 0;
			defaultConfigurationName = Release;
		};
/* End XCConfigurationList section */
	};
	rootObject = 581551D41D889995009349E2 /* Project object */;
}
